{
  "originHash" : "dd429306c87e69a1c071817d21e4fe116661954b028dbfe20e20d375d17fc399",
  "pins" : [
    {
      "identity" : "ravelin-3ds-sdk-ios-xcframework-distribution",
      "kind" : "remoteSourceControl",
      "location" : "https://github.com/unravelin/ravelin-3ds-sdk-ios-xcframework-distribution",
      "state" : {
        "revision" : "781cd6d979ee87163e49a4acbc4d4eb58f97eb62",
        "version" : "2.0.0"
      }
    }
  ],
  "version" : 3
}
