{
  "originHash" : "9b78e5c35217177acc60c6dffe3ea47b68511ab092e1f4a329d08df41e878daf",
  "pins" : [
    {
      "identity" : "ravelin-3ds-sdk-ios-xcframework-distribution",
      "kind" : "remoteSourceControl",
      "location" : "https://github.com/unravelin/ravelin-3ds-sdk-ios-xcframework-distribution",
      "state" : {
        "revision" : "781cd6d979ee87163e49a4acbc4d4eb58f97eb62",
        "version" : "2.0.0"
      }
    }
  ],
  "version" : 3
}
