{
  "originHash" : "147eb0f3d54f57754c5a6488f364f24c44f42c09209456e8a04cd7fcd52b2c35",
  "pins" : [
    {
      "identity" : "ravelin-3ds-sdk-ios-xcframework-distribution",
      "kind" : "remoteSourceControl",
      "location" : "https://github.com/unravelin/ravelin-3ds-sdk-ios-xcframework-distribution",
      "state" : {
        "revision" : "781cd6d979ee87163e49a4acbc4d4eb58f97eb62",
        "version" : "2.0.0"
      }
    }
  ],
  "version" : 3
}
